
Microsoft Visual Studio Solution File, Format Version 12.00
# Visual Studio 15
VisualStudioVersion = 15.0.28010.2036
MinimumVisualStudioVersion = 10.0.40219.1
Project("{FAE04EC0-301F-11D3-BF4B-00C04F79EFBC}") = "AD", "AD\AD.csproj", "{79C98C10-4485-449D-A516-79B92F428414}"
EndProject
Global
	GlobalSection(SolutionConfigurationPlatforms) = preSolution
		Debug|Any CPU = Debug|Any CPU
		Release|Any CPU = Release|Any CPU
	EndGlobalSection
	GlobalSection(ProjectConfigurationPlatforms) = postSolution
		{79C98C10-4485-449D-A516-79B92F428414}.Debug|Any CPU.ActiveCfg = Debug|Any CPU
		{79C98C10-4485-449D-A516-79B92F428414}.Debug|Any CPU.Build.0 = Debug|Any CPU
		{79C98C10-4485-449D-A516-79B92F428414}.Release|Any CPU.ActiveCfg = Release|Any CPU
		{79C98C10-4485-449D-A516-79B92F428414}.Release|Any CPU.Build.0 = Release|Any CPU
	EndGlobalSection
	GlobalSection(SolutionProperties) = preSolution
		HideSolutionNode = FALSE
	EndGlobalSection
	GlobalSection(ExtensibilityGlobals) = postSolution
		SolutionGuid = {5907E73E-E9ED-429B-A3B8-0D596E114979}
	EndGlobalSection
EndGlobal
